
Microsoft Visual Studio Solution File, Format Version 12.00
# Visual Studio Version 16
VisualStudioVersion = 16.0.30517.126
MinimumVisualStudioVersion = 10.0.40219.1
Project("{FAE04EC0-301F-11D3-BF4B-00C04F79EFBC}") = "ADO_Project", "ADO_Project\ADO_Project.csproj", "{69F08019-BA12-47AD-AFEC-5B63AEB37BB2}"
EndProject
Global
	GlobalSection(SolutionConfigurationPlatforms) = preSolution
		Debug|Any CPU = Debug|Any CPU
		Release|Any CPU = Release|Any CPU
	EndGlobalSection
	GlobalSection(ProjectConfigurationPlatforms) = postSolution
		{69F08019-BA12-47AD-AFEC-5B63AEB37BB2}.Debug|Any CPU.ActiveCfg = Debug|Any CPU
		{69F08019-BA12-47AD-AFEC-5B63AEB37BB2}.Debug|Any CPU.Build.0 = Debug|Any CPU
		{69F08019-BA12-47AD-AFEC-5B63AEB37BB2}.Release|Any CPU.ActiveCfg = Release|Any CPU
		{69F08019-BA12-47AD-AFEC-5B63AEB37BB2}.Release|Any CPU.Build.0 = Release|Any CPU
	EndGlobalSection
	GlobalSection(SolutionProperties) = preSolution
		HideSolutionNode = FALSE
	EndGlobalSection
	GlobalSection(ExtensibilityGlobals) = postSolution
		SolutionGuid = {93172ABE-006B-4314-85A4-F163565BCC8F}
	EndGlobalSection
EndGlobal
