
Microsoft Visual Studio Solution File, Format Version 12.00
# Visual Studio Version 16
VisualStudioVersion = 16.0.30517.126
MinimumVisualStudioVersion = 10.0.40219.1
Project("{FAE04EC0-301F-11D3-BF4B-00C04F79EFBC}") = "StudentDAL", "StudentDAL\StudentDAL.csproj", "{D47A1E2F-A45B-4F03-8212-E65967381363}"
EndProject
Global
	GlobalSection(SolutionConfigurationPlatforms) = preSolution
		Debug|Any CPU = Debug|Any CPU
		Release|Any CPU = Release|Any CPU
	EndGlobalSection
	GlobalSection(ProjectConfigurationPlatforms) = postSolution
		{D47A1E2F-A45B-4F03-8212-E65967381363}.Debug|Any CPU.ActiveCfg = Debug|Any CPU
		{D47A1E2F-A45B-4F03-8212-E65967381363}.Debug|Any CPU.Build.0 = Debug|Any CPU
		{D47A1E2F-A45B-4F03-8212-E65967381363}.Release|Any CPU.ActiveCfg = Release|Any CPU
		{D47A1E2F-A45B-4F03-8212-E65967381363}.Release|Any CPU.Build.0 = Release|Any CPU
	EndGlobalSection
	GlobalSection(SolutionProperties) = preSolution
		HideSolutionNode = FALSE
	EndGlobalSection
	GlobalSection(ExtensibilityGlobals) = postSolution
		SolutionGuid = {A05E8064-944F-46AF-A31D-8D7E6E35F925}
	EndGlobalSection
EndGlobal
