
Microsoft Visual Studio Solution File, Format Version 12.00
# Visual Studio 15
VisualStudioVersion = 15.0.28307.271
MinimumVisualStudioVersion = 10.0.40219.1
Project("{9A19103F-16F7-4668-BE54-9A1E7A4F7556}") = "AuthenticationService", "AuthenticationService\AuthenticationService.csproj", "{B866BD49-45B6-4D69-A523-B18615C7FA27}"
EndProject
Project("{9A19103F-16F7-4668-BE54-9A1E7A4F7556}") = "CategoryService", "CategoryService\CategoryService.csproj", "{ABD29C6C-072B-4FC2-8743-F7B536E8FEB2}"
EndProject
Project("{9A19103F-16F7-4668-BE54-9A1E7A4F7556}") = "test", "test\test.csproj", "{3107D29A-1726-4AF3-99F2-B9F70BB0313F}"
EndProject
Global
	GlobalSection(SolutionConfigurationPlatforms) = preSolution
		Debug|Any CPU = Debug|Any CPU
		Release|Any CPU = Release|Any CPU
	EndGlobalSection
	GlobalSection(ProjectConfigurationPlatforms) = postSolution
		{B866BD49-45B6-4D69-A523-B18615C7FA27}.Debug|Any CPU.ActiveCfg = Debug|Any CPU
		{B866BD49-45B6-4D69-A523-B18615C7FA27}.Debug|Any CPU.Build.0 = Debug|Any CPU
		{B866BD49-45B6-4D69-A523-B18615C7FA27}.Release|Any CPU.ActiveCfg = Release|Any CPU
		{B866BD49-45B6-4D69-A523-B18615C7FA27}.Release|Any CPU.Build.0 = Release|Any CPU
		{ABD29C6C-072B-4FC2-8743-F7B536E8FEB2}.Debug|Any CPU.ActiveCfg = Debug|Any CPU
		{ABD29C6C-072B-4FC2-8743-F7B536E8FEB2}.Debug|Any CPU.Build.0 = Debug|Any CPU
		{ABD29C6C-072B-4FC2-8743-F7B536E8FEB2}.Release|Any CPU.ActiveCfg = Release|Any CPU
		{ABD29C6C-072B-4FC2-8743-F7B536E8FEB2}.Release|Any CPU.Build.0 = Release|Any CPU
		{3107D29A-1726-4AF3-99F2-B9F70BB0313F}.Debug|Any CPU.ActiveCfg = Debug|Any CPU
		{3107D29A-1726-4AF3-99F2-B9F70BB0313F}.Debug|Any CPU.Build.0 = Debug|Any CPU
		{3107D29A-1726-4AF3-99F2-B9F70BB0313F}.Release|Any CPU.ActiveCfg = Release|Any CPU
		{3107D29A-1726-4AF3-99F2-B9F70BB0313F}.Release|Any CPU.Build.0 = Release|Any CPU
	EndGlobalSection
	GlobalSection(SolutionProperties) = preSolution
		HideSolutionNode = FALSE
	EndGlobalSection
	GlobalSection(ExtensibilityGlobals) = postSolution
		SolutionGuid = {5C6F1E48-E65A-4212-981D-981B258CC08E}
	EndGlobalSection
EndGlobal
